// !$*UTF8*$!
{
	archiveVersion = 1;
	classes = {
	};
	objectVersion = 56;
	objects = {

/* Begin PBXBuildFile section */
		2EF04CEB2B8313D0009F47B2 /* BatteryIOSApp.swift in Sources */ = {isa = PBXBuildFile; fileRef = 2EF04CEA2B8313D0009F47B2 /* BatteryIOSApp.swift */; };
		2EF04CED2B8313D0009F47B2 /* ContentView.swift in Sources */ = {isa = PBXBuildFile; fileRef = 2EF04CEC2B8313D0009F47B2 /* ContentView.swift */; };
		2EF04CEF2B8313D0009F47B2 /* Item.swift in Sources */ = {isa = PBXBuildFile; fileRef = 2EF04CEE2B8313D0009F47B2 /* Item.swift */; };
		2EF04CF12B8313D1009F47B2 /* Assets.xcassets in Resources */ = {isa = PBXBuildFile; fileRef = 2EF04CF02B8313D1009F47B2 /* Assets.xcassets */; };
		2EF04CF42B8313D1009F47B2 /* Preview Assets.xcassets in Resources */ = {isa = PBXBuildFile; fileRef = 2EF04CF32B8313D1009F47B2 /* Preview Assets.xcassets */; };
		2EF04CFE2B8313D1009F47B2 /* BatteryIOSTests.swift in Sources */ = {isa = PBXBuildFile; fileRef = 2EF04CFD2B8313D1009F47B2 /* BatteryIOSTests.swift */; };
		2EF04D082B8313D1009F47B2 /* BatteryIOSUITests.swift in Sources */ = {isa = PBXBuildFile; fileRef = 2EF04D072B8313D1009F47B2 /* BatteryIOSUITests.swift */; };
		2EF04D0A2B8313D1009F47B2 /* BatteryIOSUITestsLaunchTests.swift in Sources */ = {isa = PBXBuildFile; fileRef = 2EF04D092B8313D1009F47B2 /* BatteryIOSUITestsLaunchTests.swift */; };
/* End PBXBuildFile section */

/* Begin PBXContainerItemProxy section */
		2EF04CFA2B8313D1009F47B2 /* PBXContainerItemProxy */ = {
			isa = PBXContainerItemProxy;
			containerPortal = 2EF04CDF2B8313D0009F47B2 /* Project object */;
			proxyType = 1;
			remoteGlobalIDString = 2EF04CE62B8313D0009F47B2;
			remoteInfo = BatteryIOS;
		};
		2EF04D042B8313D1009F47B2 /* PBXContainerItemProxy */ = {
			isa = PBXContainerItemProxy;
			containerPortal = 2EF04CDF2B8313D0009F47B2 /* Project object */;
			proxyType = 1;
			remoteGlobalIDString = 2EF04CE62B8313D0009F47B2;
			remoteInfo = BatteryIOS;
		};
/* End PBXContainerItemProxy section */

/* Begin PBXFileReference section */
		2EF04CE72B8313D0009F47B2 /* BatteryIOS.app */ = {isa = PBXFileReference; explicitFileType = wrapper.application; includeInIndex = 0; path = BatteryIOS.app; sourceTree = BUILT_PRODUCTS_DIR; };
		2EF04CEA2B8313D0009F47B2 /* BatteryIOSApp.swift */ = {isa = PBXFileReference; lastKnownFileType = sourcecode.swift; path = BatteryIOSApp.swift; sourceTree = "<group>"; };
		2EF04CEC2B8313D0009F47B2 /* ContentView.swift */ = {isa = PBXFileReference; lastKnownFileType = sourcecode.swift; path = ContentView.swift; sourceTree = "<group>"; };
		2EF04CEE2B8313D0009F47B2 /* Item.swift */ = {isa = PBXFileReference; lastKnownFileType = sourcecode.swift; path = Item.swift; sourceTree = "<group>"; };
		2EF04CF02B8313D1009F47B2 /* Assets.xcassets */ = {isa = PBXFileReference; lastKnownFileType = folder.assetcatalog; path = Assets.xcassets; sourceTree = "<group>"; };
		2EF04CF32B8313D1009F47B2 /* Preview Assets.xcassets */ = {isa = PBXFileReference; lastKnownFileType = folder.assetcatalog; path = "Preview Assets.xcassets"; sourceTree = "<group>"; };
		2EF04CF92B8313D1009F47B2 /* BatteryIOSTests.xctest */ = {isa = PBXFileReference; explicitFileType = wrapper.cfbundle; includeInIndex = 0; path = BatteryIOSTests.xctest; sourceTree = BUILT_PRODUCTS_DIR; };
		2EF04CFD2B8313D1009F47B2 /* BatteryIOSTests.swift */ = {isa = PBXFileReference; lastKnownFileType = sourcecode.swift; path = BatteryIOSTests.swift; sourceTree = "<group>"; };
		2EF04D032B8313D1009F47B2 /* BatteryIOSUITests.xctest */ = {isa = PBXFileReference; explicitFileType = wrapper.cfbundle; includeInIndex = 0; path = BatteryIOSUITests.xctest; sourceTree = BUILT_PRODUCTS_DIR; };
		2EF04D072B8313D1009F47B2 /* BatteryIOSUITests.swift */ = {isa = PBXFileReference; lastKnownFileType = sourcecode.swift; path = BatteryIOSUITests.swift; sourceTree = "<group>"; };
		2EF04D092B8313D1009F47B2 /* BatteryIOSUITestsLaunchTests.swift */ = {isa = PBXFileReference; lastKnownFileType = sourcecode.swift; path = BatteryIOSUITestsLaunchTests.swift; sourceTree = "<group>"; };
/* End PBXFileReference section */

/* Begin PBXFrameworksBuildPhase section */
		2EF04CE42B8313D0009F47B2 /* Frameworks */ = {
			isa = PBXFrameworksBuildPhase;
			buildActionMask = 2147483647;
			files = (
			);
			runOnlyForDeploymentPostprocessing = 0;
		};
		2EF04CF62B8313D1009F47B2 /* Frameworks */ = {
			isa = PBXFrameworksBuildPhase;
			buildActionMask = 2147483647;
			files = (
			);
			runOnlyForDeploymentPostprocessing = 0;
		};
		2EF04D002B8313D1009F47B2 /* Frameworks */ = {
			isa = PBXFrameworksBuildPhase;
			buildActionMask = 2147483647;
			files = (
			);
			runOnlyForDeploymentPostprocessing = 0;
		};
/* End PBXFrameworksBuildPhase section */

/* Begin PBXGroup section */
		2EF04CDE2B8313D0009F47B2 = {
			isa = PBXGroup;
			children = (
				2EF04CE92B8313D0009F47B2 /* BatteryIOS */,
				2EF04CFC2B8313D1009F47B2 /* BatteryIOSTests */,
				2EF04D062B8313D1009F47B2 /* BatteryIOSUITests */,
				2EF04CE82B8313D0009F47B2 /* Products */,
			);
			sourceTree = "<group>";
		};
		2EF04CE82B8313D0009F47B2 /* Products */ = {
			isa = PBXGroup;
			children = (
				2EF04CE72B8313D0009F47B2 /* BatteryIOS.app */,
				2EF04CF92B8313D1009F47B2 /* BatteryIOSTests.xctest */,
				2EF04D032B8313D1009F47B2 /* BatteryIOSUITests.xctest */,
			);
			name = Products;
			sourceTree = "<group>";
		};
		2EF04CE92B8313D0009F47B2 /* BatteryIOS */ = {
			isa = PBXGroup;
			children = (
				2EF04CEA2B8313D0009F47B2 /* BatteryIOSApp.swift */,
				2EF04CEC2B8313D0009F47B2 /* ContentView.swift */,
				2EF04CEE2B8313D0009F47B2 /* Item.swift */,
				2EF04CF02B8313D1009F47B2 /* Assets.xcassets */,
				2EF04CF22B8313D1009F47B2 /* Preview Content */,
			);
			path = BatteryIOS;
			sourceTree = "<group>";
		};
		2EF04CF22B8313D1009F47B2 /* Preview Content */ = {
			isa = PBXGroup;
			children = (
				2EF04CF32B8313D1009F47B2 /* Preview Assets.xcassets */,
			);
			path = "Preview Content";
			sourceTree = "<group>";
		};
		2EF04CFC2B8313D1009F47B2 /* BatteryIOSTests */ = {
			isa = PBXGroup;
			children = (
				2EF04CFD2B8313D1009F47B2 /* BatteryIOSTests.swift */,
			);
			path = BatteryIOSTests;
			sourceTree = "<group>";
		};
		2EF04D062B8313D1009F47B2 /* BatteryIOSUITests */ = {
			isa = PBXGroup;
			children = (
				2EF04D072B8313D1009F47B2 /* BatteryIOSUITests.swift */,
				2EF04D092B8313D1009F47B2 /* BatteryIOSUITestsLaunchTests.swift */,
			);
			path = BatteryIOSUITests;
			sourceTree = "<group>";
		};
/* End PBXGroup section */

/* Begin PBXNativeTarget section */
		2EF04CE62B8313D0009F47B2 /* BatteryIOS */ = {
			isa = PBXNativeTarget;
			buildConfigurationList = 2EF04D0D2B8313D1009F47B2 /* Build configuration list for PBXNativeTarget "BatteryIOS" */;
			buildPhases = (
				2EF04CE32B8313D0009F47B2 /* Sources */,
				2EF04CE42B8313D0009F47B2 /* Frameworks */,
				2EF04CE52B8313D0009F47B2 /* Resources */,
			);
			buildRules = (
			);
			dependencies = (
			);
			name = BatteryIOS;
			productName = BatteryIOS;
			productReference = 2EF04CE72B8313D0009F47B2 /* BatteryIOS.app */;
			productType = "com.apple.product-type.application";
		};
		2EF04CF82B8313D1009F47B2 /* BatteryIOSTests */ = {
			isa = PBXNativeTarget;
			buildConfigurationList = 2EF04D102B8313D1009F47B2 /* Build configuration list for PBXNativeTarget "BatteryIOSTests" */;
			buildPhases = (
				2EF04CF52B8313D1009F47B2 /* Sources */,
				2EF04CF62B8313D1009F47B2 /* Frameworks */,
				2EF04CF72B8313D1009F47B2 /* Resources */,
			);
			buildRules = (
			);
			dependencies = (
				2EF04CFB2B8313D1009F47B2 /* PBXTargetDependency */,
			);
			name = BatteryIOSTests;
			productName = BatteryIOSTests;
			productReference = 2EF04CF92B8313D1009F47B2 /* BatteryIOSTests.xctest */;
			productType = "com.apple.product-type.bundle.unit-test";
		};
		2EF04D022B8313D1009F47B2 /* BatteryIOSUITests */ = {
			isa = PBXNativeTarget;
			buildConfigurationList = 2EF04D132B8313D1009F47B2 /* Build configuration list for PBXNativeTarget "BatteryIOSUITests" */;
			buildPhases = (
				2EF04CFF2B8313D1009F47B2 /* Sources */,
				2EF04D002B8313D1009F47B2 /* Frameworks */,
				2EF04D012B8313D1009F47B2 /* Resources */,
			);
			buildRules = (
			);
			dependencies = (
				2EF04D052B8313D1009F47B2 /* PBXTargetDependency */,
			);
			name = BatteryIOSUITests;
			productName = BatteryIOSUITests;
			productReference = 2EF04D032B8313D1009F47B2 /* BatteryIOSUITests.xctest */;
			productType = "com.apple.product-type.bundle.ui-testing";
		};
/* End PBXNativeTarget section */

/* Begin PBXProject section */
		2EF04CDF2B8313D0009F47B2 /* Project object */ = {
			isa = PBXProject;
			attributes = {
				BuildIndependentTargetsInParallel = 1;
				LastSwiftUpdateCheck = 1520;
				LastUpgradeCheck = 1520;
				TargetAttributes = {
					2EF04CE62B8313D0009F47B2 = {
						CreatedOnToolsVersion = 15.2;
					};
					2EF04CF82B8313D1009F47B2 = {
						CreatedOnToolsVersion = 15.2;
						TestTargetID = 2EF04CE62B8313D0009F47B2;
					};
					2EF04D022B8313D1009F47B2 = {
						CreatedOnToolsVersion = 15.2;
						TestTargetID = 2EF04CE62B8313D0009F47B2;
					};
				};
			};
			buildConfigurationList = 2EF04CE22B8313D0009F47B2 /* Build configuration list for PBXProject "BatteryIOS" */;
			compatibilityVersion = "Xcode 14.0";
			developmentRegion = en;
			hasScannedForEncodings = 0;
			knownRegions = (
				en,
				Base,
			);
			mainGroup = 2EF04CDE2B8313D0009F47B2;
			productRefGroup = 2EF04CE82B8313D0009F47B2 /* Products */;
			projectDirPath = "";
			projectRoot = "";
			targets = (
				2EF04CE62B8313D0009F47B2 /* BatteryIOS */,
				2EF04CF82B8313D1009F47B2 /* BatteryIOSTests */,
				2EF04D022B8313D1009F47B2 /* BatteryIOSUITests */,
			);
		};
/* End PBXProject section */

/* Begin PBXResourcesBuildPhase section */
		2EF04CE52B8313D0009F47B2 /* Resources */ = {
			isa = PBXResourcesBuildPhase;
			buildActionMask = 2147483647;
			files = (
				2EF04CF42B8313D1009F47B2 /* Preview Assets.xcassets in Resources */,
				2EF04CF12B8313D1009F47B2 /* Assets.xcassets in Resources */,
			);
			runOnlyForDeploymentPostprocessing = 0;
		};
		2EF04CF72B8313D1009F47B2 /* Resources */ = {
			isa = PBXResourcesBuildPhase;
			buildActionMask = 2147483647;
			files = (
			);
			runOnlyForDeploymentPostprocessing = 0;
		};
		2EF04D012B8313D1009F47B2 /* Resources */ = {
			isa = PBXResourcesBuildPhase;
			buildActionMask = 2147483647;
			files = (
			);
			runOnlyForDeploymentPostprocessing = 0;
		};
/* End PBXResourcesBuildPhase section */

/* Begin PBXSourcesBuildPhase section */
		2EF04CE32B8313D0009F47B2 /* Sources */ = {
			isa = PBXSourcesBuildPhase;
			buildActionMask = 2147483647;
			files = (
				2EF04CED2B8313D0009F47B2 /* ContentView.swift in Sources */,
				2EF04CEF2B8313D0009F47B2 /* Item.swift in Sources */,
				2EF04CEB2B8313D0009F47B2 /* BatteryIOSApp.swift in Sources */,
			);
			runOnlyForDeploymentPostprocessing = 0;
		};
		2EF04CF52B8313D1009F47B2 /* Sources */ = {
			isa = PBXSourcesBuildPhase;
			buildActionMask = 2147483647;
			files = (
				2EF04CFE2B8313D1009F47B2 /* BatteryIOSTests.swift in Sources */,
			);
			runOnlyForDeploymentPostprocessing = 0;
		};
		2EF04CFF2B8313D1009F47B2 /* Sources */ = {
			isa = PBXSourcesBuildPhase;
			buildActionMask = 2147483647;
			files = (
				2EF04D0A2B8313D1009F47B2 /* BatteryIOSUITestsLaunchTests.swift in Sources */,
				2EF04D082B8313D1009F47B2 /* BatteryIOSUITests.swift in Sources */,
			);
			runOnlyForDeploymentPostprocessing = 0;
		};
/* End PBXSourcesBuildPhase section */

/* Begin PBXTargetDependency section */
		2EF04CFB2B8313D1009F47B2 /* PBXTargetDependency */ = {
			isa = PBXTargetDependency;
			target = 2EF04CE62B8313D0009F47B2 /* BatteryIOS */;
			targetProxy = 2EF04CFA2B8313D1009F47B2 /* PBXContainerItemProxy */;
		};
		2EF04D052B8313D1009F47B2 /* PBXTargetDependency */ = {
			isa = PBXTargetDependency;
			target = 2EF04CE62B8313D0009F47B2 /* BatteryIOS */;
			targetProxy = 2EF04D042B8313D1009F47B2 /* PBXContainerItemProxy */;
		};
/* End PBXTargetDependency section */

/* Begin XCBuildConfiguration section */
		2EF04D0B2B8313D1009F47B2 /* Debug */ = {
			isa = XCBuildConfiguration;
			buildSettings = {
				ALWAYS_SEARCH_USER_PATHS = NO;
				ASSETCATALOG_COMPILER_GENERATE_SWIFT_ASSET_SYMBOL_EXTENSIONS = YES;
				CLANG_ANALYZER_NONNULL = YES;
				CLANG_ANALYZER_NUMBER_OBJECT_CONVERSION = YES_AGGRESSIVE;
				CLANG_CXX_LANGUAGE_STANDARD = "gnu++20";
				CLANG_ENABLE_MODULES = YES;
				CLANG_ENABLE_OBJC_ARC = YES;
				CLANG_ENABLE_OBJC_WEAK = YES;
				CLANG_WARN_BLOCK_CAPTURE_AUTORELEASING = YES;
				CLANG_WARN_BOOL_CONVERSION = YES;
				CLANG_WARN_COMMA = YES;
				CLANG_WARN_CONSTANT_CONVERSION = YES;
				CLANG_WARN_DEPRECATED_OBJC_IMPLEMENTATIONS = YES;
				CLANG_WARN_DIRECT_OBJC_ISA_USAGE = YES_ERROR;
				CLANG_WARN_DOCUMENTATION_COMMENTS = YES;
				CLANG_WARN_EMPTY_BODY = YES;
				CLANG_WARN_ENUM_CONVERSION = YES;
				CLANG_WARN_INFINITE_RECURSION = YES;
				CLANG_WARN_INT_CONVERSION = YES;
				CLANG_WARN_NON_LITERAL_NULL_CONVERSION = YES;
				CLANG_WARN_OBJC_IMPLICIT_RETAIN_SELF = YES;
				CLANG_WARN_OBJC_LITERAL_CONVERSION = YES;
				CLANG_WARN_OBJC_ROOT_CLASS = YES_ERROR;
				CLANG_WARN_QUOTED_INCLUDE_IN_FRAMEWORK_HEADER = YES;
				CLANG_WARN_RANGE_LOOP_ANALYSIS = YES;
				CLANG_WARN_STRICT_PROTOTYPES = YES;
				CLANG_WARN_SUSPICIOUS_MOVE = YES;
				CLANG_WARN_UNGUARDED_AVAILABILITY = YES_AGGRESSIVE;
				CLANG_WARN_UNREACHABLE_CODE = YES;
				CLANG_WARN__DUPLICATE_METHOD_MATCH = YES;
				COPY_PHASE_STRIP = NO;
				DEBUG_INFORMATION_FORMAT = dwarf;
				ENABLE_STRICT_OBJC_MSGSEND = YES;
				ENABLE_TESTABILITY = YES;
				ENABLE_USER_SCRIPT_SANDBOXING = YES;
				GCC_C_LANGUAGE_STANDARD = gnu17;
				GCC_DYNAMIC_NO_PIC = NO;
				GCC_NO_COMMON_BLOCKS = YES;
				GCC_OPTIMIZATION_LEVEL = 0;
				GCC_PREPROCESSOR_DEFINITIONS = (
					"DEBUG=1",
					"$(inherited)",
				);
				GCC_WARN_64_TO_32_BIT_CONVERSION = YES;
				GCC_WARN_ABOUT_RETURN_TYPE = YES_ERROR;
				GCC_WARN_UNDECLARED_SELECTOR = YES;
				GCC_WARN_UNINITIALIZED_AUTOS = YES_AGGRESSIVE;
				GCC_WARN_UNUSED_FUNCTION = YES;
				GCC_WARN_UNUSED_VARIABLE = YES;
				IPHONEOS_DEPLOYMENT_TARGET = 17.2;
				LOCALIZATION_PREFERS_STRING_CATALOGS = YES;
				MTL_ENABLE_DEBUG_INFO = INCLUDE_SOURCE;
				MTL_FAST_MATH = YES;
				ONLY_ACTIVE_ARCH = YES;
				SDKROOT = iphoneos;
				SWIFT_ACTIVE_COMPILATION_CONDITIONS = "DEBUG $(inherited)";
				SWIFT_OPTIMIZATION_LEVEL = "-Onone";
			};
			name = Debug;
		};
		2EF04D0C2B8313D1009F47B2 /* Release */ = {
			isa = XCBuildConfiguration;
			buildSettings = {
				ALWAYS_SEARCH_USER_PATHS = NO;
				ASSETCATALOG_COMPILER_GENERATE_SWIFT_ASSET_SYMBOL_EXTENSIONS = YES;
				CLANG_ANALYZER_NONNULL = YES;
				CLANG_ANALYZER_NUMBER_OBJECT_CONVERSION = YES_AGGRESSIVE;
				CLANG_CXX_LANGUAGE_STANDARD = "gnu++20";
				CLANG_ENABLE_MODULES = YES;
				CLANG_ENABLE_OBJC_ARC = YES;
				CLANG_ENABLE_OBJC_WEAK = YES;
				CLANG_WARN_BLOCK_CAPTURE_AUTORELEASING = YES;
				CLANG_WARN_BOOL_CONVERSION = YES;
				CLANG_WARN_COMMA = YES;
				CLANG_WARN_CONSTANT_CONVERSION = YES;
				CLANG_WARN_DEPRECATED_OBJC_IMPLEMENTATIONS = YES;
				CLANG_WARN_DIRECT_OBJC_ISA_USAGE = YES_ERROR;
				CLANG_WARN_DOCUMENTATION_COMMENTS = YES;
				CLANG_WARN_EMPTY_BODY = YES;
				CLANG_WARN_ENUM_CONVERSION = YES;
				CLANG_WARN_INFINITE_RECURSION = YES;
				CLANG_WARN_INT_CONVERSION = YES;
				CLANG_WARN_NON_LITERAL_NULL_CONVERSION = YES;
				CLANG_WARN_OBJC_IMPLICIT_RETAIN_SELF = YES;
				CLANG_WARN_OBJC_LITERAL_CONVERSION = YES;
				CLANG_WARN_OBJC_ROOT_CLASS = YES_ERROR;
				CLANG_WARN_QUOTED_INCLUDE_IN_FRAMEWORK_HEADER = YES;
				CLANG_WARN_RANGE_LOOP_ANALYSIS = YES;
				CLANG_WARN_STRICT_PROTOTYPES = YES;
				CLANG_WARN_SUSPICIOUS_MOVE = YES;
				CLANG_WARN_UNGUARDED_AVAILABILITY = YES_AGGRESSIVE;
				CLANG_WARN_UNREACHABLE_CODE = YES;
				CLANG_WARN__DUPLICATE_METHOD_MATCH = YES;
				COPY_PHASE_STRIP = NO;
				DEBUG_INFORMATION_FORMAT = "dwarf-with-dsym";
				ENABLE_NS_ASSERTIONS = NO;
				ENABLE_STRICT_OBJC_MSGSEND = YES;
				ENABLE_USER_SCRIPT_SANDBOXING = YES;
				GCC_C_LANGUAGE_STANDARD = gnu17;
				GCC_NO_COMMON_BLOCKS = YES;
				GCC_WARN_64_TO_32_BIT_CONVERSION = YES;
				GCC_WARN_ABOUT_RETURN_TYPE = YES_ERROR;
				GCC_WARN_UNDECLARED_SELECTOR = YES;
				GCC_WARN_UNINITIALIZED_AUTOS = YES_AGGRESSIVE;
				GCC_WARN_UNUSED_FUNCTION = YES;
				GCC_WARN_UNUSED_VARIABLE = YES;
				IPHONEOS_DEPLOYMENT_TARGET = 17.2;
				LOCALIZATION_PREFERS_STRING_CATALOGS = YES;
				MTL_ENABLE_DEBUG_INFO = NO;
				MTL_FAST_MATH = YES;
				SDKROOT = iphoneos;
				SWIFT_COMPILATION_MODE = wholemodule;
				VALIDATE_PRODUCT = YES;
			};
			name = Release;
		};
		2EF04D0E2B8313D1009F47B2 /* Debug */ = {
			isa = XCBuildConfiguration;
			buildSettings = {
				ASSETCATALOG_COMPILER_APPICON_NAME = AppIcon;
				ASSETCATALOG_COMPILER_GLOBAL_ACCENT_COLOR_NAME = AccentColor;
				CODE_SIGN_STYLE = Automatic;
				CURRENT_PROJECT_VERSION = 1;
				DEVELOPMENT_ASSET_PATHS = "\"BatteryIOS/Preview Content\"";
				ENABLE_PREVIEWS = YES;
				GENERATE_INFOPLIST_FILE = YES;
				INFOPLIST_KEY_UIApplicationSceneManifest_Generation = YES;
				INFOPLIST_KEY_UIApplicationSupportsIndirectInputEvents = YES;
				INFOPLIST_KEY_UILaunchScreen_Generation = YES;
				INFOPLIST_KEY_UISupportedInterfaceOrientations_iPad = "UIInterfaceOrientationPortrait UIInterfaceOrientationPortraitUpsideDown UIInterfaceOrientationLandscapeLeft UIInterfaceOrientationLandscapeRight";
				INFOPLIST_KEY_UISupportedInterfaceOrientations_iPhone = "UIInterfaceOrientationPortrait UIInterfaceOrientationLandscapeLeft UIInterfaceOrientationLandscapeRight";
				LD_RUNPATH_SEARCH_PATHS = (
					"$(inherited)",
					"@executable_path/Frameworks",
				);
				MARKETING_VERSION = 1.0;
				PRODUCT_BUNDLE_IDENTIFIER = lehagiabao.BatteryIOS;
				PRODUCT_NAME = "$(TARGET_NAME)";
				SWIFT_EMIT_LOC_STRINGS = YES;
				SWIFT_VERSION = 5.0;
				TARGETED_DEVICE_FAMILY = "1,2";
			};
			name = Debug;
		};
		2EF04D0F2B8313D1009F47B2 /* Release */ = {
			isa = XCBuildConfiguration;
			buildSettings = {
				ASSETCATALOG_COMPILER_APPICON_NAME = AppIcon;
				ASSETCATALOG_COMPILER_GLOBAL_ACCENT_COLOR_NAME = AccentColor;
				CODE_SIGN_STYLE = Automatic;
				CURRENT_PROJECT_VERSION = 1;
				DEVELOPMENT_ASSET_PATHS = "\"BatteryIOS/Preview Content\"";
				ENABLE_PREVIEWS = YES;
				GENERATE_INFOPLIST_FILE = YES;
				INFOPLIST_KEY_UIApplicationSceneManifest_Generation = YES;
				INFOPLIST_KEY_UIApplicationSupportsIndirectInputEvents = YES;
				INFOPLIST_KEY_UILaunchScreen_Generation = YES;
				INFOPLIST_KEY_UISupportedInterfaceOrientations_iPad = "UIInterfaceOrientationPortrait UIInterfaceOrientationPortraitUpsideDown UIInterfaceOrientationLandscapeLeft UIInterfaceOrientationLandscapeRight";
				INFOPLIST_KEY_UISupportedInterfaceOrientations_iPhone = "UIInterfaceOrientationPortrait UIInterfaceOrientationLandscapeLeft UIInterfaceOrientationLandscapeRight";
				LD_RUNPATH_SEARCH_PATHS = (
					"$(inherited)",
					"@executable_path/Frameworks",
				);
				MARKETING_VERSION = 1.0;
				PRODUCT_BUNDLE_IDENTIFIER = lehagiabao.BatteryIOS;
				PRODUCT_NAME = "$(TARGET_NAME)";
				SWIFT_EMIT_LOC_STRINGS = YES;
				SWIFT_VERSION = 5.0;
				TARGETED_DEVICE_FAMILY = "1,2";
			};
			name = Release;
		};
		2EF04D112B8313D1009F47B2 /* Debug */ = {
			isa = XCBuildConfiguration;
			buildSettings = {
				ALWAYS_EMBED_SWIFT_STANDARD_LIBRARIES = YES;
				BUNDLE_LOADER = "$(TEST_HOST)";
				CODE_SIGN_STYLE = Automatic;
				CURRENT_PROJECT_VERSION = 1;
				GENERATE_INFOPLIST_FILE = YES;
				IPHONEOS_DEPLOYMENT_TARGET = 17.2;
				MARKETING_VERSION = 1.0;
				PRODUCT_BUNDLE_IDENTIFIER = lehagiabao.BatteryIOSTests;
				PRODUCT_NAME = "$(TARGET_NAME)";
				SWIFT_EMIT_LOC_STRINGS = NO;
				SWIFT_VERSION = 5.0;
				TARGETED_DEVICE_FAMILY = "1,2";
				TEST_HOST = "$(BUILT_PRODUCTS_DIR)/BatteryIOS.app/$(BUNDLE_EXECUTABLE_FOLDER_PATH)/BatteryIOS";
			};
			name = Debug;
		};
		2EF04D122B8313D1009F47B2 /* Release */ = {
			isa = XCBuildConfiguration;
			buildSettings = {
				ALWAYS_EMBED_SWIFT_STANDARD_LIBRARIES = YES;
				BUNDLE_LOADER = "$(TEST_HOST)";
				CODE_SIGN_STYLE = Automatic;
				CURRENT_PROJECT_VERSION = 1;
				GENERATE_INFOPLIST_FILE = YES;
				IPHONEOS_DEPLOYMENT_TARGET = 17.2;
				MARKETING_VERSION = 1.0;
				PRODUCT_BUNDLE_IDENTIFIER = lehagiabao.BatteryIOSTests;
				PRODUCT_NAME = "$(TARGET_NAME)";
				SWIFT_EMIT_LOC_STRINGS = NO;
				SWIFT_VERSION = 5.0;
				TARGETED_DEVICE_FAMILY = "1,2";
				TEST_HOST = "$(BUILT_PRODUCTS_DIR)/BatteryIOS.app/$(BUNDLE_EXECUTABLE_FOLDER_PATH)/BatteryIOS";
			};
			name = Release;
		};
		2EF04D142B8313D1009F47B2 /* Debug */ = {
			isa = XCBuildConfiguration;
			buildSettings = {
				ALWAYS_EMBED_SWIFT_STANDARD_LIBRARIES = YES;
				CODE_SIGN_STYLE = Automatic;
				CURRENT_PROJECT_VERSION = 1;
				GENERATE_INFOPLIST_FILE = YES;
				MARKETING_VERSION = 1.0;
				PRODUCT_BUNDLE_IDENTIFIER = lehagiabao.BatteryIOSUITests;
				PRODUCT_NAME = "$(TARGET_NAME)";
				SWIFT_EMIT_LOC_STRINGS = NO;
				SWIFT_VERSION = 5.0;
				TARGETED_DEVICE_FAMILY = "1,2";
				TEST_TARGET_NAME = BatteryIOS;
			};
			name = Debug;
		};
		2EF04D152B8313D1009F47B2 /* Release */ = {
			isa = XCBuildConfiguration;
			buildSettings = {
				ALWAYS_EMBED_SWIFT_STANDARD_LIBRARIES = YES;
				CODE_SIGN_STYLE = Automatic;
				CURRENT_PROJECT_VERSION = 1;
				GENERATE_INFOPLIST_FILE = YES;
				MARKETING_VERSION = 1.0;
				PRODUCT_BUNDLE_IDENTIFIER = lehagiabao.BatteryIOSUITests;
				PRODUCT_NAME = "$(TARGET_NAME)";
				SWIFT_EMIT_LOC_STRINGS = NO;
				SWIFT_VERSION = 5.0;
				TARGETED_DEVICE_FAMILY = "1,2";
				TEST_TARGET_NAME = BatteryIOS;
			};
			name = Release;
		};
/* End XCBuildConfiguration section */

/* Begin XCConfigurationList section */
		2EF04CE22B8313D0009F47B2 /* Build configuration list for PBXProject "BatteryIOS" */ = {
			isa = XCConfigurationList;
			buildConfigurations = (
				2EF04D0B2B8313D1009F47B2 /* Debug */,
				2EF04D0C2B8313D1009F47B2 /* Release */,
			);
			defaultConfigurationIsVisible = 0;
			defaultConfigurationName = Release;
		};
		2EF04D0D2B8313D1009F47B2 /* Build configuration list for PBXNativeTarget "BatteryIOS" */ = {
			isa = XCConfigurationList;
			buildConfigurations = (
				2EF04D0E2B8313D1009F47B2 /* Debug */,
				2EF04D0F2B8313D1009F47B2 /* Release */,
			);
			defaultConfigurationIsVisible = 0;
			defaultConfigurationName = Release;
		};
		2EF04D102B8313D1009F47B2 /* Build configuration list for PBXNativeTarget "BatteryIOSTests" */ = {
			isa = XCConfigurationList;
			buildConfigurations = (
				2EF04D112B8313D1009F47B2 /* Debug */,
				2EF04D122B8313D1009F47B2 /* Release */,
			);
			defaultConfigurationIsVisible = 0;
			defaultConfigurationName = Release;
		};
		2EF04D132B8313D1009F47B2 /* Build configuration list for PBXNativeTarget "BatteryIOSUITests" */ = {
			isa = XCConfigurationList;
			buildConfigurations = (
				2EF04D142B8313D1009F47B2 /* Debug */,
				2EF04D152B8313D1009F47B2 /* Release */,
			);
			defaultConfigurationIsVisible = 0;
			defaultConfigurationName = Release;
		};
/* End XCConfigurationList section */
	};
	rootObject = 2EF04CDF2B8313D0009F47B2 /* Project object */;
}
